
Microsoft Visual Studio Solution File, Format Version 12.00
# Visual Studio Version 16
VisualStudioVersion = 16.0.29009.5
MinimumVisualStudioVersion = 10.0.40219.1
Project("{FAE04EC0-301F-11D3-BF4B-00C04F79EFBC}") = "Q1", "Q1\Q1.csproj", "{3523AE4E-0B90-4B36-B210-94D6A80DA6FC}"
EndProject
Global
	GlobalSection(SolutionConfigurationPlatforms) = preSolution
		Debug|Any CPU = Debug|Any CPU
		Release|Any CPU = Release|Any CPU
	EndGlobalSection
	GlobalSection(ProjectConfigurationPlatforms) = postSolution
		{3523AE4E-0B90-4B36-B210-94D6A80DA6FC}.Debug|Any CPU.ActiveCfg = Debug|Any CPU
		{3523AE4E-0B90-4B36-B210-94D6A80DA6FC}.Debug|Any CPU.Build.0 = Debug|Any CPU
		{3523AE4E-0B90-4B36-B210-94D6A80DA6FC}.Release|Any CPU.ActiveCfg = Release|Any CPU
		{3523AE4E-0B90-4B36-B210-94D6A80DA6FC}.Release|Any CPU.Build.0 = Release|Any CPU
	EndGlobalSection
	GlobalSection(SolutionProperties) = preSolution
		HideSolutionNode = FALSE
	EndGlobalSection
	GlobalSection(ExtensibilityGlobals) = postSolution
		SolutionGuid = {2C825355-3D6E-4712-B6D6-CC674891F519}
	EndGlobalSection
EndGlobal
